
Microsoft Visual Studio Solution File, Format Version 12.00
# Visual Studio 15
VisualStudioVersion = 15.0.27703.2042
MinimumVisualStudioVersion = 10.0.40219.1
Project("{FAE04EC0-301F-11D3-BF4B-00C04F79EFBC}") = "Hanoi Tower", "Hanoi Tower\Hanoi Tower.csproj", "{1A3F92C0-6F1C-4E31-B40C-6083BCEF9886}"
EndProject
Global
	GlobalSection(SolutionConfigurationPlatforms) = preSolution
		Debug|Any CPU = Debug|Any CPU
		Release|Any CPU = Release|Any CPU
	EndGlobalSection
	GlobalSection(ProjectConfigurationPlatforms) = postSolution
		{1A3F92C0-6F1C-4E31-B40C-6083BCEF9886}.Debug|Any CPU.ActiveCfg = Debug|Any CPU
		{1A3F92C0-6F1C-4E31-B40C-6083BCEF9886}.Debug|Any CPU.Build.0 = Debug|Any CPU
		{1A3F92C0-6F1C-4E31-B40C-6083BCEF9886}.Release|Any CPU.ActiveCfg = Release|Any CPU
		{1A3F92C0-6F1C-4E31-B40C-6083BCEF9886}.Release|Any CPU.Build.0 = Release|Any CPU
	EndGlobalSection
	GlobalSection(SolutionProperties) = preSolution
		HideSolutionNode = FALSE
	EndGlobalSection
	GlobalSection(ExtensibilityGlobals) = postSolution
		SolutionGuid = {309C1371-AFE2-4BBF-A520-3A89F0FCFA14}
	EndGlobalSection
EndGlobal
